
Microsoft Visual Studio Solution File, Format Version 12.00
# Visual Studio 15
VisualStudioVersion = 15.0.27703.2047
MinimumVisualStudioVersion = 10.0.40219.1
Project("{FAE04EC0-301F-11D3-BF4B-00C04F79EFBC}") = "Entidades", "Entidades\Entidades.csproj", "{99AF9061-395B-4C36-80E4-DEE7CBFBA0D4}"
EndProject
Global
	GlobalSection(SolutionConfigurationPlatforms) = preSolution
		Debug|Any CPU = Debug|Any CPU
		Release|Any CPU = Release|Any CPU
	EndGlobalSection
	GlobalSection(ProjectConfigurationPlatforms) = postSolution
		{99AF9061-395B-4C36-80E4-DEE7CBFBA0D4}.Debug|Any CPU.ActiveCfg = Debug|Any CPU
		{99AF9061-395B-4C36-80E4-DEE7CBFBA0D4}.Debug|Any CPU.Build.0 = Debug|Any CPU
		{99AF9061-395B-4C36-80E4-DEE7CBFBA0D4}.Release|Any CPU.ActiveCfg = Release|Any CPU
		{99AF9061-395B-4C36-80E4-DEE7CBFBA0D4}.Release|Any CPU.Build.0 = Release|Any CPU
	EndGlobalSection
	GlobalSection(SolutionProperties) = preSolution
		HideSolutionNode = FALSE
	EndGlobalSection
	GlobalSection(ExtensibilityGlobals) = postSolution
		SolutionGuid = {C7286CFD-4045-44EF-924A-0864C1A80A15}
	EndGlobalSection
EndGlobal
